
Microsoft Visual Studio Solution File, Format Version 12.00
# Visual Studio 15
VisualStudioVersion = 15.0.28307.757
MinimumVisualStudioVersion = 10.0.40219.1
Project("{9A19103F-16F7-4668-BE54-9A1E7A4F7556}") = "PromotionCycleApp", "PromotionCycleApp\PromotionCycleApp.csproj", "{BDFB4111-FEE2-4016-8294-D2416617FF7C}"
EndProject
Project("{FAE04EC0-301F-11D3-BF4B-00C04F79EFBC}") = "PromotionCycleApp.Test", "PromotionCycleApp.Test\PromotionCycleApp.Test.csproj", "{7B2260D3-899E-4AB1-9E47-7D63FA46EDE2}"
EndProject
Global
	GlobalSection(SolutionConfigurationPlatforms) = preSolution
		Debug|Any CPU = Debug|Any CPU
		Release|Any CPU = Release|Any CPU
	EndGlobalSection
	GlobalSection(ProjectConfigurationPlatforms) = postSolution
		{BDFB4111-FEE2-4016-8294-D2416617FF7C}.Debug|Any CPU.ActiveCfg = Debug|Any CPU
		{BDFB4111-FEE2-4016-8294-D2416617FF7C}.Debug|Any CPU.Build.0 = Debug|Any CPU
		{BDFB4111-FEE2-4016-8294-D2416617FF7C}.Release|Any CPU.ActiveCfg = Release|Any CPU
		{BDFB4111-FEE2-4016-8294-D2416617FF7C}.Release|Any CPU.Build.0 = Release|Any CPU
		{7B2260D3-899E-4AB1-9E47-7D63FA46EDE2}.Debug|Any CPU.ActiveCfg = Debug|Any CPU
		{7B2260D3-899E-4AB1-9E47-7D63FA46EDE2}.Debug|Any CPU.Build.0 = Debug|Any CPU
		{7B2260D3-899E-4AB1-9E47-7D63FA46EDE2}.Release|Any CPU.ActiveCfg = Release|Any CPU
		{7B2260D3-899E-4AB1-9E47-7D63FA46EDE2}.Release|Any CPU.Build.0 = Release|Any CPU
	EndGlobalSection
	GlobalSection(SolutionProperties) = preSolution
		HideSolutionNode = FALSE
	EndGlobalSection
	GlobalSection(ExtensibilityGlobals) = postSolution
		SolutionGuid = {C14A35EB-F873-4EA4-B77B-3FA3231BA01F}
	EndGlobalSection
EndGlobal
